{
    "name": "helloworld",
    "version": "1.0.0",
    "lockfileVersion": 1,
    "requires": true,
    "dependencies": {
        "cordova-plugin-sqlite-2": {
            "version": "1.0.6",
            "resolved": "https://registry.npmjs.org/cordova-plugin-sqlite-2/-/cordova-plugin-sqlite-2-1.0.6.tgz",
            "integrity": "sha512-OC3YMDGsiOeQSK4vZzlb99AUCONqbCOVHL15hxm2ZtWwx3J3IL2hxBEsJ5oYgr1IJdGqNC/QwC137GLZ+seG8g=="
        }
    }
}
